
Microsoft Visual Studio Solution File, Format Version 12.00
# Visual Studio Version 16
VisualStudioVersion = 16.0.30114.105
MinimumVisualStudioVersion = 10.0.40219.1
Project("{FAE04EC0-301F-11D3-BF4B-00C04F79EFBC}") = "CrudClientes.Application", "CrudClientes.Application\CrudClientes.Application.csproj", "{9B723E15-6807-47F1-865A-C45A618B9490}"
EndProject
Project("{FAE04EC0-301F-11D3-BF4B-00C04F79EFBC}") = "CrudClientes.Persistence", "CrudClientes.Persistence\CrudClientes.Persistence.csproj", "{907DACDB-7C54-4217-B847-A41B3086C369}"
EndProject
Project("{FAE04EC0-301F-11D3-BF4B-00C04F79EFBC}") = "CrudClientes.API", "CrudClientes.API\CrudClientes.API.csproj", "{6729BEAB-5865-4C41-9C5B-0460A548C8EC}"
EndProject
Project("{FAE04EC0-301F-11D3-BF4B-00C04F79EFBC}") = "CrudClientes.Domain", "CrudClientes.Domain\CrudClientes.Domain.csproj", "{BBE574A0-92F8-4FB5-9901-D42A8944D633}"
EndProject
Global
	GlobalSection(SolutionConfigurationPlatforms) = preSolution
		Debug|Any CPU = Debug|Any CPU
		Debug|x64 = Debug|x64
		Debug|x86 = Debug|x86
		Release|Any CPU = Release|Any CPU
		Release|x64 = Release|x64
		Release|x86 = Release|x86
	EndGlobalSection
	GlobalSection(SolutionProperties) = preSolution
		HideSolutionNode = FALSE
	EndGlobalSection
	GlobalSection(ProjectConfigurationPlatforms) = postSolution
		{9B723E15-6807-47F1-865A-C45A618B9490}.Debug|Any CPU.ActiveCfg = Debug|Any CPU
		{9B723E15-6807-47F1-865A-C45A618B9490}.Debug|Any CPU.Build.0 = Debug|Any CPU
		{9B723E15-6807-47F1-865A-C45A618B9490}.Debug|x64.ActiveCfg = Debug|Any CPU
		{9B723E15-6807-47F1-865A-C45A618B9490}.Debug|x64.Build.0 = Debug|Any CPU
		{9B723E15-6807-47F1-865A-C45A618B9490}.Debug|x86.ActiveCfg = Debug|Any CPU
		{9B723E15-6807-47F1-865A-C45A618B9490}.Debug|x86.Build.0 = Debug|Any CPU
		{9B723E15-6807-47F1-865A-C45A618B9490}.Release|Any CPU.ActiveCfg = Release|Any CPU
		{9B723E15-6807-47F1-865A-C45A618B9490}.Release|Any CPU.Build.0 = Release|Any CPU
		{9B723E15-6807-47F1-865A-C45A618B9490}.Release|x64.ActiveCfg = Release|Any CPU
		{9B723E15-6807-47F1-865A-C45A618B9490}.Release|x64.Build.0 = Release|Any CPU
		{9B723E15-6807-47F1-865A-C45A618B9490}.Release|x86.ActiveCfg = Release|Any CPU
		{9B723E15-6807-47F1-865A-C45A618B9490}.Release|x86.Build.0 = Release|Any CPU
		{907DACDB-7C54-4217-B847-A41B3086C369}.Debug|Any CPU.ActiveCfg = Debug|Any CPU
		{907DACDB-7C54-4217-B847-A41B3086C369}.Debug|Any CPU.Build.0 = Debug|Any CPU
		{907DACDB-7C54-4217-B847-A41B3086C369}.Debug|x64.ActiveCfg = Debug|Any CPU
		{907DACDB-7C54-4217-B847-A41B3086C369}.Debug|x64.Build.0 = Debug|Any CPU
		{907DACDB-7C54-4217-B847-A41B3086C369}.Debug|x86.ActiveCfg = Debug|Any CPU
		{907DACDB-7C54-4217-B847-A41B3086C369}.Debug|x86.Build.0 = Debug|Any CPU
		{907DACDB-7C54-4217-B847-A41B3086C369}.Release|Any CPU.ActiveCfg = Release|Any CPU
		{907DACDB-7C54-4217-B847-A41B3086C369}.Release|Any CPU.Build.0 = Release|Any CPU
		{907DACDB-7C54-4217-B847-A41B3086C369}.Release|x64.ActiveCfg = Release|Any CPU
		{907DACDB-7C54-4217-B847-A41B3086C369}.Release|x64.Build.0 = Release|Any CPU
		{907DACDB-7C54-4217-B847-A41B3086C369}.Release|x86.ActiveCfg = Release|Any CPU
		{907DACDB-7C54-4217-B847-A41B3086C369}.Release|x86.Build.0 = Release|Any CPU
		{6729BEAB-5865-4C41-9C5B-0460A548C8EC}.Debug|Any CPU.ActiveCfg = Debug|Any CPU
		{6729BEAB-5865-4C41-9C5B-0460A548C8EC}.Debug|Any CPU.Build.0 = Debug|Any CPU
		{6729BEAB-5865-4C41-9C5B-0460A548C8EC}.Debug|x64.ActiveCfg = Debug|Any CPU
		{6729BEAB-5865-4C41-9C5B-0460A548C8EC}.Debug|x64.Build.0 = Debug|Any CPU
		{6729BEAB-5865-4C41-9C5B-0460A548C8EC}.Debug|x86.ActiveCfg = Debug|Any CPU
		{6729BEAB-5865-4C41-9C5B-0460A548C8EC}.Debug|x86.Build.0 = Debug|Any CPU
		{6729BEAB-5865-4C41-9C5B-0460A548C8EC}.Release|Any CPU.ActiveCfg = Release|Any CPU
		{6729BEAB-5865-4C41-9C5B-0460A548C8EC}.Release|Any CPU.Build.0 = Release|Any CPU
		{6729BEAB-5865-4C41-9C5B-0460A548C8EC}.Release|x64.ActiveCfg = Release|Any CPU
		{6729BEAB-5865-4C41-9C5B-0460A548C8EC}.Release|x64.Build.0 = Release|Any CPU
		{6729BEAB-5865-4C41-9C5B-0460A548C8EC}.Release|x86.ActiveCfg = Release|Any CPU
		{6729BEAB-5865-4C41-9C5B-0460A548C8EC}.Release|x86.Build.0 = Release|Any CPU
		{BBE574A0-92F8-4FB5-9901-D42A8944D633}.Debug|Any CPU.ActiveCfg = Debug|Any CPU
		{BBE574A0-92F8-4FB5-9901-D42A8944D633}.Debug|Any CPU.Build.0 = Debug|Any CPU
		{BBE574A0-92F8-4FB5-9901-D42A8944D633}.Debug|x64.ActiveCfg = Debug|Any CPU
		{BBE574A0-92F8-4FB5-9901-D42A8944D633}.Debug|x64.Build.0 = Debug|Any CPU
		{BBE574A0-92F8-4FB5-9901-D42A8944D633}.Debug|x86.ActiveCfg = Debug|Any CPU
		{BBE574A0-92F8-4FB5-9901-D42A8944D633}.Debug|x86.Build.0 = Debug|Any CPU
		{BBE574A0-92F8-4FB5-9901-D42A8944D633}.Release|Any CPU.ActiveCfg = Release|Any CPU
		{BBE574A0-92F8-4FB5-9901-D42A8944D633}.Release|Any CPU.Build.0 = Release|Any CPU
		{BBE574A0-92F8-4FB5-9901-D42A8944D633}.Release|x64.ActiveCfg = Release|Any CPU
		{BBE574A0-92F8-4FB5-9901-D42A8944D633}.Release|x64.Build.0 = Release|Any CPU
		{BBE574A0-92F8-4FB5-9901-D42A8944D633}.Release|x86.ActiveCfg = Release|Any CPU
		{BBE574A0-92F8-4FB5-9901-D42A8944D633}.Release|x86.Build.0 = Release|Any CPU
	EndGlobalSection
EndGlobal
